
Microsoft Visual Studio Solution File, Format Version 11.00
# Visual Studio 2010
Project("{FAE04EC0-301F-11D3-BF4B-00C04F79EFBC}") = "Assembly-CSharp", "Assembly-CSharp.csproj", "{271717fa-094c-cc0f-3980-036009e35c73}"
EndProject
Project("{FAE04EC0-301F-11D3-BF4B-00C04F79EFBC}") = "Assembly-CSharp-firstpass", "Assembly-CSharp-firstpass.csproj", "{08c35c2b-e53e-fefa-c4be-e0178b9d03ef}"
EndProject
Project("{FAE04EC0-301F-11D3-BF4B-00C04F79EFBC}") = "Assembly-CSharp-Editor-firstpass", "Assembly-CSharp-Editor-firstpass.csproj", "{b19b295e-385d-1a35-7fbf-93ec830cc6b8}"
EndProject
Global
	GlobalSection(SolutionConfigurationPlatforms) = preSolution
		Debug|Any CPU = Debug|Any CPU
	EndGlobalSection
	GlobalSection(ProjectConfigurationPlatforms) = postSolution
		{271717fa-094c-cc0f-3980-036009e35c73}.Debug|Any CPU.ActiveCfg = Debug|Any CPU
		{271717fa-094c-cc0f-3980-036009e35c73}.Debug|Any CPU.Build.0 = Debug|Any CPU
		{08c35c2b-e53e-fefa-c4be-e0178b9d03ef}.Debug|Any CPU.ActiveCfg = Debug|Any CPU
		{08c35c2b-e53e-fefa-c4be-e0178b9d03ef}.Debug|Any CPU.Build.0 = Debug|Any CPU
		{b19b295e-385d-1a35-7fbf-93ec830cc6b8}.Debug|Any CPU.ActiveCfg = Debug|Any CPU
		{b19b295e-385d-1a35-7fbf-93ec830cc6b8}.Debug|Any CPU.Build.0 = Debug|Any CPU
	EndGlobalSection
	GlobalSection(SolutionProperties) = preSolution
		HideSolutionNode = FALSE
	EndGlobalSection
EndGlobal
